
Microsoft Visual Studio Solution File, Format Version 12.00
# Visual Studio Version 17
VisualStudioVersion = 17.8.34322.80
MinimumVisualStudioVersion = 10.0.40219.1
Project("{FAE04EC0-301F-11D3-BF4B-00C04F79EFBC}") = "Courses.WebUI", "Courses.WebUI\Courses.WebUI.csproj", "{3E9048E0-436E-436D-8579-BB9F67DC033C}"
EndProject
Project("{FAE04EC0-301F-11D3-BF4B-00C04F79EFBC}") = "Courses.Business", "Courses.Business\Courses.Business.csproj", "{2AE71F30-85A4-4E70-8895-926C7D197C45}"
EndProject
Project("{FAE04EC0-301F-11D3-BF4B-00C04F79EFBC}") = "Courses.Data", "Courses.Data\Courses.Data.csproj", "{48EC918F-A250-43A6-A34B-3783E7E7C0BA}"
EndProject
Global
	GlobalSection(SolutionConfigurationPlatforms) = preSolution
		Debug|Any CPU = Debug|Any CPU
		Release|Any CPU = Release|Any CPU
	EndGlobalSection
	GlobalSection(ProjectConfigurationPlatforms) = postSolution
		{3E9048E0-436E-436D-8579-BB9F67DC033C}.Debug|Any CPU.ActiveCfg = Debug|Any CPU
		{3E9048E0-436E-436D-8579-BB9F67DC033C}.Debug|Any CPU.Build.0 = Debug|Any CPU
		{3E9048E0-436E-436D-8579-BB9F67DC033C}.Release|Any CPU.ActiveCfg = Release|Any CPU
		{3E9048E0-436E-436D-8579-BB9F67DC033C}.Release|Any CPU.Build.0 = Release|Any CPU
		{2AE71F30-85A4-4E70-8895-926C7D197C45}.Debug|Any CPU.ActiveCfg = Debug|Any CPU
		{2AE71F30-85A4-4E70-8895-926C7D197C45}.Debug|Any CPU.Build.0 = Debug|Any CPU
		{2AE71F30-85A4-4E70-8895-926C7D197C45}.Release|Any CPU.ActiveCfg = Release|Any CPU
		{2AE71F30-85A4-4E70-8895-926C7D197C45}.Release|Any CPU.Build.0 = Release|Any CPU
		{48EC918F-A250-43A6-A34B-3783E7E7C0BA}.Debug|Any CPU.ActiveCfg = Debug|Any CPU
		{48EC918F-A250-43A6-A34B-3783E7E7C0BA}.Debug|Any CPU.Build.0 = Debug|Any CPU
		{48EC918F-A250-43A6-A34B-3783E7E7C0BA}.Release|Any CPU.ActiveCfg = Release|Any CPU
		{48EC918F-A250-43A6-A34B-3783E7E7C0BA}.Release|Any CPU.Build.0 = Release|Any CPU
	EndGlobalSection
	GlobalSection(SolutionProperties) = preSolution
		HideSolutionNode = FALSE
	EndGlobalSection
	GlobalSection(ExtensibilityGlobals) = postSolution
		SolutionGuid = {470C403F-4F88-4765-919B-59299C13710D}
	EndGlobalSection
EndGlobal
